
Microsoft Visual Studio Solution File, Format Version 12.00
# Visual Studio 15
VisualStudioVersion = 15.0.28307.136
MinimumVisualStudioVersion = 10.0.40219.1
Project("{FAE04EC0-301F-11D3-BF4B-00C04F79EFBC}") = "GUCTechTools", "GUCTechTools\GUCTechTools.csproj", "{00BD46F3-39C2-4820-8ED5-9CA3D13BCC3E}"
EndProject
Project("{FAE04EC0-301F-11D3-BF4B-00C04F79EFBC}") = "AliveTestScheduler", "AliveTestScheduler\AliveTestScheduler.csproj", "{09237FCC-563A-41A6-B9C4-60A08522CCB2}"
EndProject
Project("{FAE04EC0-301F-11D3-BF4B-00C04F79EFBC}") = "MobileGUCTechTool.Android", "MobileGUCTechTool\MobileGUCTechTool.Android\MobileGUCTechTool.Android.csproj", "{3D31B32F-9CC3-4D06-85A1-56CEC95D8969}"
EndProject
Project("{FAE04EC0-301F-11D3-BF4B-00C04F79EFBC}") = "MobileGUCTechTool", "MobileGUCTechTool\MobileGUCTechTool\MobileGUCTechTool.csproj", "{9C4DD7B7-1A08-485F-B1A1-85BA8E9BACB5}"
EndProject
Global
	GlobalSection(SolutionConfigurationPlatforms) = preSolution
		Debug|Any CPU = Debug|Any CPU
		Debug|ARM = Debug|ARM
		Debug|iPhone = Debug|iPhone
		Debug|iPhoneSimulator = Debug|iPhoneSimulator
		Debug|x64 = Debug|x64
		Debug|x86 = Debug|x86
		Release|Any CPU = Release|Any CPU
		Release|ARM = Release|ARM
		Release|iPhone = Release|iPhone
		Release|iPhoneSimulator = Release|iPhoneSimulator
		Release|x64 = Release|x64
		Release|x86 = Release|x86
	EndGlobalSection
	GlobalSection(ProjectConfigurationPlatforms) = postSolution
		{00BD46F3-39C2-4820-8ED5-9CA3D13BCC3E}.Debug|Any CPU.ActiveCfg = Debug|Any CPU
		{00BD46F3-39C2-4820-8ED5-9CA3D13BCC3E}.Debug|Any CPU.Build.0 = Debug|Any CPU
		{00BD46F3-39C2-4820-8ED5-9CA3D13BCC3E}.Debug|ARM.ActiveCfg = Debug|Any CPU
		{00BD46F3-39C2-4820-8ED5-9CA3D13BCC3E}.Debug|ARM.Build.0 = Debug|Any CPU
		{00BD46F3-39C2-4820-8ED5-9CA3D13BCC3E}.Debug|iPhone.ActiveCfg = Debug|Any CPU
		{00BD46F3-39C2-4820-8ED5-9CA3D13BCC3E}.Debug|iPhone.Build.0 = Debug|Any CPU
		{00BD46F3-39C2-4820-8ED5-9CA3D13BCC3E}.Debug|iPhoneSimulator.ActiveCfg = Debug|Any CPU
		{00BD46F3-39C2-4820-8ED5-9CA3D13BCC3E}.Debug|iPhoneSimulator.Build.0 = Debug|Any CPU
		{00BD46F3-39C2-4820-8ED5-9CA3D13BCC3E}.Debug|x64.ActiveCfg = Debug|Any CPU
		{00BD46F3-39C2-4820-8ED5-9CA3D13BCC3E}.Debug|x64.Build.0 = Debug|Any CPU
		{00BD46F3-39C2-4820-8ED5-9CA3D13BCC3E}.Debug|x86.ActiveCfg = Debug|Any CPU
		{00BD46F3-39C2-4820-8ED5-9CA3D13BCC3E}.Debug|x86.Build.0 = Debug|Any CPU
		{00BD46F3-39C2-4820-8ED5-9CA3D13BCC3E}.Release|Any CPU.ActiveCfg = Release|Any CPU
		{00BD46F3-39C2-4820-8ED5-9CA3D13BCC3E}.Release|Any CPU.Build.0 = Release|Any CPU
		{00BD46F3-39C2-4820-8ED5-9CA3D13BCC3E}.Release|ARM.ActiveCfg = Release|Any CPU
		{00BD46F3-39C2-4820-8ED5-9CA3D13BCC3E}.Release|ARM.Build.0 = Release|Any CPU
		{00BD46F3-39C2-4820-8ED5-9CA3D13BCC3E}.Release|iPhone.ActiveCfg = Release|Any CPU
		{00BD46F3-39C2-4820-8ED5-9CA3D13BCC3E}.Release|iPhone.Build.0 = Release|Any CPU
		{00BD46F3-39C2-4820-8ED5-9CA3D13BCC3E}.Release|iPhoneSimulator.ActiveCfg = Release|Any CPU
		{00BD46F3-39C2-4820-8ED5-9CA3D13BCC3E}.Release|iPhoneSimulator.Build.0 = Release|Any CPU
		{00BD46F3-39C2-4820-8ED5-9CA3D13BCC3E}.Release|x64.ActiveCfg = Release|Any CPU
		{00BD46F3-39C2-4820-8ED5-9CA3D13BCC3E}.Release|x64.Build.0 = Release|Any CPU
		{00BD46F3-39C2-4820-8ED5-9CA3D13BCC3E}.Release|x86.ActiveCfg = Release|Any CPU
		{00BD46F3-39C2-4820-8ED5-9CA3D13BCC3E}.Release|x86.Build.0 = Release|Any CPU
		{09237FCC-563A-41A6-B9C4-60A08522CCB2}.Debug|Any CPU.ActiveCfg = Debug|Any CPU
		{09237FCC-563A-41A6-B9C4-60A08522CCB2}.Debug|Any CPU.Build.0 = Debug|Any CPU
		{09237FCC-563A-41A6-B9C4-60A08522CCB2}.Debug|ARM.ActiveCfg = Debug|Any CPU
		{09237FCC-563A-41A6-B9C4-60A08522CCB2}.Debug|ARM.Build.0 = Debug|Any CPU
		{09237FCC-563A-41A6-B9C4-60A08522CCB2}.Debug|iPhone.ActiveCfg = Debug|Any CPU
		{09237FCC-563A-41A6-B9C4-60A08522CCB2}.Debug|iPhone.Build.0 = Debug|Any CPU
		{09237FCC-563A-41A6-B9C4-60A08522CCB2}.Debug|iPhoneSimulator.ActiveCfg = Debug|Any CPU
		{09237FCC-563A-41A6-B9C4-60A08522CCB2}.Debug|iPhoneSimulator.Build.0 = Debug|Any CPU
		{09237FCC-563A-41A6-B9C4-60A08522CCB2}.Debug|x64.ActiveCfg = Debug|Any CPU
		{09237FCC-563A-41A6-B9C4-60A08522CCB2}.Debug|x64.Build.0 = Debug|Any CPU
		{09237FCC-563A-41A6-B9C4-60A08522CCB2}.Debug|x86.ActiveCfg = Debug|Any CPU
		{09237FCC-563A-41A6-B9C4-60A08522CCB2}.Debug|x86.Build.0 = Debug|Any CPU
		{09237FCC-563A-41A6-B9C4-60A08522CCB2}.Release|Any CPU.ActiveCfg = Release|Any CPU
		{09237FCC-563A-41A6-B9C4-60A08522CCB2}.Release|Any CPU.Build.0 = Release|Any CPU
		{09237FCC-563A-41A6-B9C4-60A08522CCB2}.Release|ARM.ActiveCfg = Release|Any CPU
		{09237FCC-563A-41A6-B9C4-60A08522CCB2}.Release|ARM.Build.0 = Release|Any CPU
		{09237FCC-563A-41A6-B9C4-60A08522CCB2}.Release|iPhone.ActiveCfg = Release|Any CPU
		{09237FCC-563A-41A6-B9C4-60A08522CCB2}.Release|iPhone.Build.0 = Release|Any CPU
		{09237FCC-563A-41A6-B9C4-60A08522CCB2}.Release|iPhoneSimulator.ActiveCfg = Release|Any CPU
		{09237FCC-563A-41A6-B9C4-60A08522CCB2}.Release|iPhoneSimulator.Build.0 = Release|Any CPU
		{09237FCC-563A-41A6-B9C4-60A08522CCB2}.Release|x64.ActiveCfg = Release|Any CPU
		{09237FCC-563A-41A6-B9C4-60A08522CCB2}.Release|x64.Build.0 = Release|Any CPU
		{09237FCC-563A-41A6-B9C4-60A08522CCB2}.Release|x86.ActiveCfg = Release|Any CPU
		{09237FCC-563A-41A6-B9C4-60A08522CCB2}.Release|x86.Build.0 = Release|Any CPU
		{3D31B32F-9CC3-4D06-85A1-56CEC95D8969}.Debug|Any CPU.ActiveCfg = Debug|Any CPU
		{3D31B32F-9CC3-4D06-85A1-56CEC95D8969}.Debug|Any CPU.Build.0 = Debug|Any CPU
		{3D31B32F-9CC3-4D06-85A1-56CEC95D8969}.Debug|Any CPU.Deploy.0 = Debug|Any CPU
		{3D31B32F-9CC3-4D06-85A1-56CEC95D8969}.Debug|ARM.ActiveCfg = Debug|Any CPU
		{3D31B32F-9CC3-4D06-85A1-56CEC95D8969}.Debug|ARM.Build.0 = Debug|Any CPU
		{3D31B32F-9CC3-4D06-85A1-56CEC95D8969}.Debug|ARM.Deploy.0 = Debug|Any CPU
		{3D31B32F-9CC3-4D06-85A1-56CEC95D8969}.Debug|iPhone.ActiveCfg = Debug|Any CPU
		{3D31B32F-9CC3-4D06-85A1-56CEC95D8969}.Debug|iPhone.Build.0 = Debug|Any CPU
		{3D31B32F-9CC3-4D06-85A1-56CEC95D8969}.Debug|iPhone.Deploy.0 = Debug|Any CPU
		{3D31B32F-9CC3-4D06-85A1-56CEC95D8969}.Debug|iPhoneSimulator.ActiveCfg = Debug|Any CPU
		{3D31B32F-9CC3-4D06-85A1-56CEC95D8969}.Debug|iPhoneSimulator.Build.0 = Debug|Any CPU
		{3D31B32F-9CC3-4D06-85A1-56CEC95D8969}.Debug|iPhoneSimulator.Deploy.0 = Debug|Any CPU
		{3D31B32F-9CC3-4D06-85A1-56CEC95D8969}.Debug|x64.ActiveCfg = Debug|Any CPU
		{3D31B32F-9CC3-4D06-85A1-56CEC95D8969}.Debug|x64.Build.0 = Debug|Any CPU
		{3D31B32F-9CC3-4D06-85A1-56CEC95D8969}.Debug|x64.Deploy.0 = Debug|Any CPU
		{3D31B32F-9CC3-4D06-85A1-56CEC95D8969}.Debug|x86.ActiveCfg = Debug|Any CPU
		{3D31B32F-9CC3-4D06-85A1-56CEC95D8969}.Debug|x86.Build.0 = Debug|Any CPU
		{3D31B32F-9CC3-4D06-85A1-56CEC95D8969}.Debug|x86.Deploy.0 = Debug|Any CPU
		{3D31B32F-9CC3-4D06-85A1-56CEC95D8969}.Release|Any CPU.ActiveCfg = Release|Any CPU
		{3D31B32F-9CC3-4D06-85A1-56CEC95D8969}.Release|Any CPU.Build.0 = Release|Any CPU
		{3D31B32F-9CC3-4D06-85A1-56CEC95D8969}.Release|Any CPU.Deploy.0 = Release|Any CPU
		{3D31B32F-9CC3-4D06-85A1-56CEC95D8969}.Release|ARM.ActiveCfg = Release|Any CPU
		{3D31B32F-9CC3-4D06-85A1-56CEC95D8969}.Release|ARM.Build.0 = Release|Any CPU
		{3D31B32F-9CC3-4D06-85A1-56CEC95D8969}.Release|ARM.Deploy.0 = Release|Any CPU
		{3D31B32F-9CC3-4D06-85A1-56CEC95D8969}.Release|iPhone.ActiveCfg = Release|Any CPU
		{3D31B32F-9CC3-4D06-85A1-56CEC95D8969}.Release|iPhone.Build.0 = Release|Any CPU
		{3D31B32F-9CC3-4D06-85A1-56CEC95D8969}.Release|iPhone.Deploy.0 = Release|Any CPU
		{3D31B32F-9CC3-4D06-85A1-56CEC95D8969}.Release|iPhoneSimulator.ActiveCfg = Release|Any CPU
		{3D31B32F-9CC3-4D06-85A1-56CEC95D8969}.Release|iPhoneSimulator.Build.0 = Release|Any CPU
		{3D31B32F-9CC3-4D06-85A1-56CEC95D8969}.Release|iPhoneSimulator.Deploy.0 = Release|Any CPU
		{3D31B32F-9CC3-4D06-85A1-56CEC95D8969}.Release|x64.ActiveCfg = Release|Any CPU
		{3D31B32F-9CC3-4D06-85A1-56CEC95D8969}.Release|x64.Build.0 = Release|Any CPU
		{3D31B32F-9CC3-4D06-85A1-56CEC95D8969}.Release|x64.Deploy.0 = Release|Any CPU
		{3D31B32F-9CC3-4D06-85A1-56CEC95D8969}.Release|x86.ActiveCfg = Release|Any CPU
		{3D31B32F-9CC3-4D06-85A1-56CEC95D8969}.Release|x86.Build.0 = Release|Any CPU
		{3D31B32F-9CC3-4D06-85A1-56CEC95D8969}.Release|x86.Deploy.0 = Release|Any CPU
		{9C4DD7B7-1A08-485F-B1A1-85BA8E9BACB5}.Debug|Any CPU.ActiveCfg = Debug|Any CPU
		{9C4DD7B7-1A08-485F-B1A1-85BA8E9BACB5}.Debug|Any CPU.Build.0 = Debug|Any CPU
		{9C4DD7B7-1A08-485F-B1A1-85BA8E9BACB5}.Debug|ARM.ActiveCfg = Debug|Any CPU
		{9C4DD7B7-1A08-485F-B1A1-85BA8E9BACB5}.Debug|ARM.Build.0 = Debug|Any CPU
		{9C4DD7B7-1A08-485F-B1A1-85BA8E9BACB5}.Debug|iPhone.ActiveCfg = Debug|Any CPU
		{9C4DD7B7-1A08-485F-B1A1-85BA8E9BACB5}.Debug|iPhone.Build.0 = Debug|Any CPU
		{9C4DD7B7-1A08-485F-B1A1-85BA8E9BACB5}.Debug|iPhoneSimulator.ActiveCfg = Debug|Any CPU
		{9C4DD7B7-1A08-485F-B1A1-85BA8E9BACB5}.Debug|iPhoneSimulator.Build.0 = Debug|Any CPU
		{9C4DD7B7-1A08-485F-B1A1-85BA8E9BACB5}.Debug|x64.ActiveCfg = Debug|Any CPU
		{9C4DD7B7-1A08-485F-B1A1-85BA8E9BACB5}.Debug|x64.Build.0 = Debug|Any CPU
		{9C4DD7B7-1A08-485F-B1A1-85BA8E9BACB5}.Debug|x86.ActiveCfg = Debug|Any CPU
		{9C4DD7B7-1A08-485F-B1A1-85BA8E9BACB5}.Debug|x86.Build.0 = Debug|Any CPU
		{9C4DD7B7-1A08-485F-B1A1-85BA8E9BACB5}.Release|Any CPU.ActiveCfg = Release|Any CPU
		{9C4DD7B7-1A08-485F-B1A1-85BA8E9BACB5}.Release|Any CPU.Build.0 = Release|Any CPU
		{9C4DD7B7-1A08-485F-B1A1-85BA8E9BACB5}.Release|ARM.ActiveCfg = Release|Any CPU
		{9C4DD7B7-1A08-485F-B1A1-85BA8E9BACB5}.Release|ARM.Build.0 = Release|Any CPU
		{9C4DD7B7-1A08-485F-B1A1-85BA8E9BACB5}.Release|iPhone.ActiveCfg = Release|Any CPU
		{9C4DD7B7-1A08-485F-B1A1-85BA8E9BACB5}.Release|iPhone.Build.0 = Release|Any CPU
		{9C4DD7B7-1A08-485F-B1A1-85BA8E9BACB5}.Release|iPhoneSimulator.ActiveCfg = Release|Any CPU
		{9C4DD7B7-1A08-485F-B1A1-85BA8E9BACB5}.Release|iPhoneSimulator.Build.0 = Release|Any CPU
		{9C4DD7B7-1A08-485F-B1A1-85BA8E9BACB5}.Release|x64.ActiveCfg = Release|Any CPU
		{9C4DD7B7-1A08-485F-B1A1-85BA8E9BACB5}.Release|x64.Build.0 = Release|Any CPU
		{9C4DD7B7-1A08-485F-B1A1-85BA8E9BACB5}.Release|x86.ActiveCfg = Release|Any CPU
		{9C4DD7B7-1A08-485F-B1A1-85BA8E9BACB5}.Release|x86.Build.0 = Release|Any CPU
	EndGlobalSection
	GlobalSection(SolutionProperties) = preSolution
		HideSolutionNode = FALSE
	EndGlobalSection
	GlobalSection(ExtensibilityGlobals) = postSolution
		SolutionGuid = {460906F1-1967-4011-979D-FB35CF7A2E63}
	EndGlobalSection
EndGlobal
